
Microsoft Visual Studio Solution File, Format Version 12.00
# Visual Studio Version 16
VisualStudioVersion = 16.0.30225.117
MinimumVisualStudioVersion = 10.0.40219.1
Project("{9A19103F-16F7-4668-BE54-9A1E7A4F7556}") = "Padarogga.Server", "Padarogga\Server\Padarogga.Server.csproj", "{E4C8DFF9-D7BE-4C2B-8A1E-2E4DC875B97E}"
EndProject
Project("{9A19103F-16F7-4668-BE54-9A1E7A4F7556}") = "Padarogga.Client", "Padarogga\Client\Padarogga.Client.csproj", "{98895BA9-8117-400C-B6B7-C9706598D79C}"
EndProject
Project("{9A19103F-16F7-4668-BE54-9A1E7A4F7556}") = "Padarogga.Shared", "Padarogga\Shared\Padarogga.Shared.csproj", "{EFF5ADF9-5CFC-467A-8936-6F22F4B66D16}"
EndProject
Project("{FAE04EC0-301F-11D3-BF4B-00C04F79EFBC}") = "Padarogga.Mobile.Android", "Padarogga.Mobile\Padarogga.Mobile.Android\Padarogga.Mobile.Android.csproj", "{1E297ADD-15A0-4E39-B2FC-F317BFD2CA4E}"
EndProject
Project("{FAE04EC0-301F-11D3-BF4B-00C04F79EFBC}") = "Padarogga.Mobile.iOS", "Padarogga.Mobile\Padarogga.Mobile.iOS\Padarogga.Mobile.iOS.csproj", "{D59F640E-7AED-4277-9BE2-A406AE052C04}"
EndProject
Project("{FAE04EC0-301F-11D3-BF4B-00C04F79EFBC}") = "Padarogga.Mobile", "Padarogga.Mobile\Padarogga.Mobile\Padarogga.Mobile.csproj", "{2300CC80-958C-4464-A2F7-E8D158E39B08}"
EndProject
Global
	GlobalSection(SolutionConfigurationPlatforms) = preSolution
		Debug|Any CPU = Debug|Any CPU
		Debug|iPhone = Debug|iPhone
		Debug|iPhoneSimulator = Debug|iPhoneSimulator
		Release|Any CPU = Release|Any CPU
		Release|iPhone = Release|iPhone
		Release|iPhoneSimulator = Release|iPhoneSimulator
	EndGlobalSection
	GlobalSection(ProjectConfigurationPlatforms) = postSolution
		{E4C8DFF9-D7BE-4C2B-8A1E-2E4DC875B97E}.Debug|Any CPU.ActiveCfg = Debug|Any CPU
		{E4C8DFF9-D7BE-4C2B-8A1E-2E4DC875B97E}.Debug|Any CPU.Build.0 = Debug|Any CPU
		{E4C8DFF9-D7BE-4C2B-8A1E-2E4DC875B97E}.Debug|iPhone.ActiveCfg = Debug|Any CPU
		{E4C8DFF9-D7BE-4C2B-8A1E-2E4DC875B97E}.Debug|iPhone.Build.0 = Debug|Any CPU
		{E4C8DFF9-D7BE-4C2B-8A1E-2E4DC875B97E}.Debug|iPhoneSimulator.ActiveCfg = Debug|Any CPU
		{E4C8DFF9-D7BE-4C2B-8A1E-2E4DC875B97E}.Debug|iPhoneSimulator.Build.0 = Debug|Any CPU
		{E4C8DFF9-D7BE-4C2B-8A1E-2E4DC875B97E}.Release|Any CPU.ActiveCfg = Release|Any CPU
		{E4C8DFF9-D7BE-4C2B-8A1E-2E4DC875B97E}.Release|Any CPU.Build.0 = Release|Any CPU
		{E4C8DFF9-D7BE-4C2B-8A1E-2E4DC875B97E}.Release|iPhone.ActiveCfg = Release|Any CPU
		{E4C8DFF9-D7BE-4C2B-8A1E-2E4DC875B97E}.Release|iPhone.Build.0 = Release|Any CPU
		{E4C8DFF9-D7BE-4C2B-8A1E-2E4DC875B97E}.Release|iPhoneSimulator.ActiveCfg = Release|Any CPU
		{E4C8DFF9-D7BE-4C2B-8A1E-2E4DC875B97E}.Release|iPhoneSimulator.Build.0 = Release|Any CPU
		{98895BA9-8117-400C-B6B7-C9706598D79C}.Debug|Any CPU.ActiveCfg = Debug|Any CPU
		{98895BA9-8117-400C-B6B7-C9706598D79C}.Debug|Any CPU.Build.0 = Debug|Any CPU
		{98895BA9-8117-400C-B6B7-C9706598D79C}.Debug|iPhone.ActiveCfg = Debug|Any CPU
		{98895BA9-8117-400C-B6B7-C9706598D79C}.Debug|iPhone.Build.0 = Debug|Any CPU
		{98895BA9-8117-400C-B6B7-C9706598D79C}.Debug|iPhoneSimulator.ActiveCfg = Debug|Any CPU
		{98895BA9-8117-400C-B6B7-C9706598D79C}.Debug|iPhoneSimulator.Build.0 = Debug|Any CPU
		{98895BA9-8117-400C-B6B7-C9706598D79C}.Release|Any CPU.ActiveCfg = Release|Any CPU
		{98895BA9-8117-400C-B6B7-C9706598D79C}.Release|Any CPU.Build.0 = Release|Any CPU
		{98895BA9-8117-400C-B6B7-C9706598D79C}.Release|iPhone.ActiveCfg = Release|Any CPU
		{98895BA9-8117-400C-B6B7-C9706598D79C}.Release|iPhone.Build.0 = Release|Any CPU
		{98895BA9-8117-400C-B6B7-C9706598D79C}.Release|iPhoneSimulator.ActiveCfg = Release|Any CPU
		{98895BA9-8117-400C-B6B7-C9706598D79C}.Release|iPhoneSimulator.Build.0 = Release|Any CPU
		{EFF5ADF9-5CFC-467A-8936-6F22F4B66D16}.Debug|Any CPU.ActiveCfg = Debug|Any CPU
		{EFF5ADF9-5CFC-467A-8936-6F22F4B66D16}.Debug|Any CPU.Build.0 = Debug|Any CPU
		{EFF5ADF9-5CFC-467A-8936-6F22F4B66D16}.Debug|iPhone.ActiveCfg = Debug|Any CPU
		{EFF5ADF9-5CFC-467A-8936-6F22F4B66D16}.Debug|iPhone.Build.0 = Debug|Any CPU
		{EFF5ADF9-5CFC-467A-8936-6F22F4B66D16}.Debug|iPhoneSimulator.ActiveCfg = Debug|Any CPU
		{EFF5ADF9-5CFC-467A-8936-6F22F4B66D16}.Debug|iPhoneSimulator.Build.0 = Debug|Any CPU
		{EFF5ADF9-5CFC-467A-8936-6F22F4B66D16}.Release|Any CPU.ActiveCfg = Release|Any CPU
		{EFF5ADF9-5CFC-467A-8936-6F22F4B66D16}.Release|Any CPU.Build.0 = Release|Any CPU
		{EFF5ADF9-5CFC-467A-8936-6F22F4B66D16}.Release|iPhone.ActiveCfg = Release|Any CPU
		{EFF5ADF9-5CFC-467A-8936-6F22F4B66D16}.Release|iPhone.Build.0 = Release|Any CPU
		{EFF5ADF9-5CFC-467A-8936-6F22F4B66D16}.Release|iPhoneSimulator.ActiveCfg = Release|Any CPU
		{EFF5ADF9-5CFC-467A-8936-6F22F4B66D16}.Release|iPhoneSimulator.Build.0 = Release|Any CPU
		{1E297ADD-15A0-4E39-B2FC-F317BFD2CA4E}.Debug|Any CPU.ActiveCfg = Debug|Any CPU
		{1E297ADD-15A0-4E39-B2FC-F317BFD2CA4E}.Debug|Any CPU.Build.0 = Debug|Any CPU
		{1E297ADD-15A0-4E39-B2FC-F317BFD2CA4E}.Debug|Any CPU.Deploy.0 = Debug|Any CPU
		{1E297ADD-15A0-4E39-B2FC-F317BFD2CA4E}.Debug|iPhone.ActiveCfg = Debug|Any CPU
		{1E297ADD-15A0-4E39-B2FC-F317BFD2CA4E}.Debug|iPhone.Build.0 = Debug|Any CPU
		{1E297ADD-15A0-4E39-B2FC-F317BFD2CA4E}.Debug|iPhone.Deploy.0 = Debug|Any CPU
		{1E297ADD-15A0-4E39-B2FC-F317BFD2CA4E}.Debug|iPhoneSimulator.ActiveCfg = Debug|Any CPU
		{1E297ADD-15A0-4E39-B2FC-F317BFD2CA4E}.Debug|iPhoneSimulator.Build.0 = Debug|Any CPU
		{1E297ADD-15A0-4E39-B2FC-F317BFD2CA4E}.Debug|iPhoneSimulator.Deploy.0 = Debug|Any CPU
		{1E297ADD-15A0-4E39-B2FC-F317BFD2CA4E}.Release|Any CPU.ActiveCfg = Release|Any CPU
		{1E297ADD-15A0-4E39-B2FC-F317BFD2CA4E}.Release|Any CPU.Build.0 = Release|Any CPU
		{1E297ADD-15A0-4E39-B2FC-F317BFD2CA4E}.Release|Any CPU.Deploy.0 = Release|Any CPU
		{1E297ADD-15A0-4E39-B2FC-F317BFD2CA4E}.Release|iPhone.ActiveCfg = Release|Any CPU
		{1E297ADD-15A0-4E39-B2FC-F317BFD2CA4E}.Release|iPhone.Build.0 = Release|Any CPU
		{1E297ADD-15A0-4E39-B2FC-F317BFD2CA4E}.Release|iPhone.Deploy.0 = Release|Any CPU
		{1E297ADD-15A0-4E39-B2FC-F317BFD2CA4E}.Release|iPhoneSimulator.ActiveCfg = Release|Any CPU
		{1E297ADD-15A0-4E39-B2FC-F317BFD2CA4E}.Release|iPhoneSimulator.Build.0 = Release|Any CPU
		{1E297ADD-15A0-4E39-B2FC-F317BFD2CA4E}.Release|iPhoneSimulator.Deploy.0 = Release|Any CPU
		{D59F640E-7AED-4277-9BE2-A406AE052C04}.Debug|Any CPU.ActiveCfg = Debug|iPhone
		{D59F640E-7AED-4277-9BE2-A406AE052C04}.Debug|iPhone.ActiveCfg = Debug|iPhone
		{D59F640E-7AED-4277-9BE2-A406AE052C04}.Debug|iPhone.Build.0 = Debug|iPhone
		{D59F640E-7AED-4277-9BE2-A406AE052C04}.Debug|iPhoneSimulator.ActiveCfg = Debug|iPhoneSimulator
		{D59F640E-7AED-4277-9BE2-A406AE052C04}.Debug|iPhoneSimulator.Build.0 = Debug|iPhoneSimulator
		{D59F640E-7AED-4277-9BE2-A406AE052C04}.Release|Any CPU.ActiveCfg = Release|iPhone
		{D59F640E-7AED-4277-9BE2-A406AE052C04}.Release|iPhone.ActiveCfg = Release|iPhone
		{D59F640E-7AED-4277-9BE2-A406AE052C04}.Release|iPhone.Build.0 = Release|iPhone
		{D59F640E-7AED-4277-9BE2-A406AE052C04}.Release|iPhoneSimulator.ActiveCfg = Release|iPhoneSimulator
		{D59F640E-7AED-4277-9BE2-A406AE052C04}.Release|iPhoneSimulator.Build.0 = Release|iPhoneSimulator
		{2300CC80-958C-4464-A2F7-E8D158E39B08}.Debug|Any CPU.ActiveCfg = Debug|Any CPU
		{2300CC80-958C-4464-A2F7-E8D158E39B08}.Debug|Any CPU.Build.0 = Debug|Any CPU
		{2300CC80-958C-4464-A2F7-E8D158E39B08}.Debug|iPhone.ActiveCfg = Debug|Any CPU
		{2300CC80-958C-4464-A2F7-E8D158E39B08}.Debug|iPhone.Build.0 = Debug|Any CPU
		{2300CC80-958C-4464-A2F7-E8D158E39B08}.Debug|iPhoneSimulator.ActiveCfg = Debug|Any CPU
		{2300CC80-958C-4464-A2F7-E8D158E39B08}.Debug|iPhoneSimulator.Build.0 = Debug|Any CPU
		{2300CC80-958C-4464-A2F7-E8D158E39B08}.Release|Any CPU.ActiveCfg = Release|Any CPU
		{2300CC80-958C-4464-A2F7-E8D158E39B08}.Release|Any CPU.Build.0 = Release|Any CPU
		{2300CC80-958C-4464-A2F7-E8D158E39B08}.Release|iPhone.ActiveCfg = Release|Any CPU
		{2300CC80-958C-4464-A2F7-E8D158E39B08}.Release|iPhone.Build.0 = Release|Any CPU
		{2300CC80-958C-4464-A2F7-E8D158E39B08}.Release|iPhoneSimulator.ActiveCfg = Release|Any CPU
		{2300CC80-958C-4464-A2F7-E8D158E39B08}.Release|iPhoneSimulator.Build.0 = Release|Any CPU
	EndGlobalSection
	GlobalSection(SolutionProperties) = preSolution
		HideSolutionNode = FALSE
	EndGlobalSection
	GlobalSection(ExtensibilityGlobals) = postSolution
		SolutionGuid = {D3A60979-9E0F-47DA-8D3A-1302C61441F0}
	EndGlobalSection
EndGlobal
