
Microsoft Visual Studio Solution File, Format Version 12.00
# Visual Studio Version 16
VisualStudioVersion = 16.0.30225.117
MinimumVisualStudioVersion = 10.0.40219.1
Project("{FAE04EC0-301F-11D3-BF4B-00C04F79EFBC}") = "Padarogga.Server", "Padarogga\Server\Padarogga.Server.csproj", "{E4C8DFF9-D7BE-4C2B-8A1E-2E4DC875B97E}"
EndProject
Project("{FAE04EC0-301F-11D3-BF4B-00C04F79EFBC}") = "Padarogga.Client", "Padarogga\Client\Padarogga.Client.csproj", "{98895BA9-8117-400C-B6B7-C9706598D79C}"
EndProject
Project("{FAE04EC0-301F-11D3-BF4B-00C04F79EFBC}") = "Padarogga.Shared", "Padarogga\Shared\Padarogga.Shared.csproj", "{EFF5ADF9-5CFC-467A-8936-6F22F4B66D16}"
EndProject
Global
	GlobalSection(SolutionConfigurationPlatforms) = preSolution
		Debug|Any CPU = Debug|Any CPU
		Release|Any CPU = Release|Any CPU
	EndGlobalSection
	GlobalSection(ProjectConfigurationPlatforms) = postSolution
		{E4C8DFF9-D7BE-4C2B-8A1E-2E4DC875B97E}.Debug|Any CPU.ActiveCfg = Debug|Any CPU
		{E4C8DFF9-D7BE-4C2B-8A1E-2E4DC875B97E}.Debug|Any CPU.Build.0 = Debug|Any CPU
		{E4C8DFF9-D7BE-4C2B-8A1E-2E4DC875B97E}.Release|Any CPU.ActiveCfg = Release|Any CPU
		{E4C8DFF9-D7BE-4C2B-8A1E-2E4DC875B97E}.Release|Any CPU.Build.0 = Release|Any CPU
		{98895BA9-8117-400C-B6B7-C9706598D79C}.Debug|Any CPU.ActiveCfg = Debug|Any CPU
		{98895BA9-8117-400C-B6B7-C9706598D79C}.Debug|Any CPU.Build.0 = Debug|Any CPU
		{98895BA9-8117-400C-B6B7-C9706598D79C}.Release|Any CPU.ActiveCfg = Release|Any CPU
		{98895BA9-8117-400C-B6B7-C9706598D79C}.Release|Any CPU.Build.0 = Release|Any CPU
		{EFF5ADF9-5CFC-467A-8936-6F22F4B66D16}.Debug|Any CPU.ActiveCfg = Debug|Any CPU
		{EFF5ADF9-5CFC-467A-8936-6F22F4B66D16}.Debug|Any CPU.Build.0 = Debug|Any CPU
		{EFF5ADF9-5CFC-467A-8936-6F22F4B66D16}.Release|Any CPU.ActiveCfg = Release|Any CPU
		{EFF5ADF9-5CFC-467A-8936-6F22F4B66D16}.Release|Any CPU.Build.0 = Release|Any CPU
	EndGlobalSection
	GlobalSection(SolutionProperties) = preSolution
		HideSolutionNode = FALSE
	EndGlobalSection
	GlobalSection(ExtensibilityGlobals) = postSolution
		SolutionGuid = {D3A60979-9E0F-47DA-8D3A-1302C61441F0}
	EndGlobalSection
EndGlobal
